<?xml version="1.0" encoding="utf-8"?>
<Project ToolsVersion="4.0" xmlns="http://schemas.microsoft.com/developer/msbuild/2003">
  <ItemGroup>
    <Filter Include="Engine">
      <UniqueIdentifier>{c71c141b-0f88-447d-acc9-0f41d083bf37}</UniqueIdentifier>
    </Filter>
    <Filter Include="Default">
      <UniqueIdentifier>{91736668-8a15-4bcb-b948-0f9ffd54c87a}</UniqueIdentifier>
    </Filter>
    <Filter Include="Default\Resource Files">
      <UniqueIdentifier>{67DA6AB6-F800-4c08-8B7A-83BB121AAD01}</UniqueIdentifier>
      <Extensions>rc;ico;cur;bmp;dlg;rc2;rct;bin;rgs;gif;jpg;jpeg;jpe;resx;tiff;tif;png;wav;mfcribbon-ms</Extensions>
    </Filter>
    <Filter Include="Engine\02. Core">
      <UniqueIdentifier>{be2a6305-3eee-437b-9aa4-8a579f6bfbe0}</UniqueIdentifier>
    </Filter>
    <Filter Include="Engine\01. Header">
      <UniqueIdentifier>{aba09807-8524-43ab-8c27-be6c67c771e5}</UniqueIdentifier>
    </Filter>
    <Filter Include="Engine\03. Manager">
      <UniqueIdentifier>{6ffaa233-7703-4c35-9aa2-437fd4651292}</UniqueIdentifier>
    </Filter>
    <Filter Include="Engine\03. Manager\KeyMgr">
      <UniqueIdentifier>{73ca881d-3ceb-41a2-9970-ee4ebe0187d0}</UniqueIdentifier>
    </Filter>
    <Filter Include="Engine\03. Manager\TimeMgr">
      <UniqueIdentifier>{8f4e08b7-054e-498b-9e3b-c09159681d2d}</UniqueIdentifier>
    </Filter>
    <Filter Include="Engine\04. Object">
      <UniqueIdentifier>{96561fc0-b568-40d7-8148-677099db8edf}</UniqueIdentifier>
    </Filter>
    <Filter Include="Engine\05. Scene">
      <UniqueIdentifier>{ed9443dc-5834-4b65-a022-0e6fd4a4a5b3}</UniqueIdentifier>
    </Filter>
    <Filter Include="Engine\03. Manager\SceneMgr">
      <UniqueIdentifier>{8be3d416-fb32-4459-9ae0-de1f4e300fe9}</UniqueIdentifier>
    </Filter>
    <Filter Include="Engine\05. Scene\Scene_Start">
      <UniqueIdentifier>{6adb0dc1-1c8c-4125-81b9-2bffeedd89a3}</UniqueIdentifier>
    </Filter>
    <Filter Include="Engine\05. Scene\Scene_Tool">
      <UniqueIdentifier>{81b02170-343e-47c0-94ed-3c47fb75f138}</UniqueIdentifier>
    </Filter>
    <Filter Include="Engine\04. Object\Player">
      <UniqueIdentifier>{3dd4cd30-111c-449b-9242-ac8b833a4f3b}</UniqueIdentifier>
    </Filter>
    <Filter Include="Engine\04. Object\Enemy">
      <UniqueIdentifier>{c4a98a16-3e92-44b9-a931-6252ddd8e10c}</UniqueIdentifier>
    </Filter>
    <Filter Include="Engine\03. Manager\CollisionMgr">
      <UniqueIdentifier>{ea2c4723-d2d8-4fff-9137-336df0a8fe6e}</UniqueIdentifier>
    </Filter>
    <Filter Include="Engine\06. Resource">
      <UniqueIdentifier>{b8c25caa-c0c9-4b1c-997c-8f73af9731f8}</UniqueIdentifier>
    </Filter>
    <Filter Include="Engine\03. Manager\PathMgr">
      <UniqueIdentifier>{9f207aff-2b90-404e-98d8-6958c6c668e7}</UniqueIdentifier>
    </Filter>
    <Filter Include="Engine\04. Object\Bullet">
      <UniqueIdentifier>{42c0521b-688c-47f5-872c-ed5b98813f87}</UniqueIdentifier>
    </Filter>
    <Filter Include="Engine\06. Resource\Texture">
      <UniqueIdentifier>{e2a71fea-a0f0-4e7c-a067-32f4f7710471}</UniqueIdentifier>
    </Filter>
    <Filter Include="Engine\03. Manager\ResourceMgr">
      <UniqueIdentifier>{f5b4a913-b206-491d-a1a1-a01ed58a3b7e}</UniqueIdentifier>
    </Filter>
    <Filter Include="Engine\07. Component">
      <UniqueIdentifier>{e5d9b9d3-3517-4785-9d70-8b73d1836453}</UniqueIdentifier>
    </Filter>
    <Filter Include="Engine\08. Module">
      <UniqueIdentifier>{13b3553e-fdbb-42d1-bc42-d18eef17818d}</UniqueIdentifier>
    </Filter>
    <Filter Include="Engine\03. Manager\EventMgr">
      <UniqueIdentifier>{de32f52f-9867-4b70-a9ee-18984604ec2f}</UniqueIdentifier>
    </Filter>
  </ItemGroup>
  <ItemGroup>
    <ClInclude Include="Win32API_Introduction.h">
      <Filter>Default</Filter>
    </ClInclude>
    <ClInclude Include="framework.h">
      <Filter>Default</Filter>
    </ClInclude>
    <ClInclude Include="Resource.h">
      <Filter>Default</Filter>
    </ClInclude>
    <ClInclude Include="targetver.h">
      <Filter>Default</Filter>
    </ClInclude>
    <ClInclude Include="CCore.h">
      <Filter>Engine\02. Core</Filter>
    </ClInclude>
    <ClInclude Include="define.h">
      <Filter>Engine\01. Header</Filter>
    </ClInclude>
    <ClInclude Include="CKeyMgr.h">
      <Filter>Engine\03. Manager\KeyMgr</Filter>
    </ClInclude>
    <ClInclude Include="struct.h">
      <Filter>Engine\01. Header</Filter>
    </ClInclude>
    <ClInclude Include="CTimeMgr.h">
      <Filter>Engine\03. Manager\TimeMgr</Filter>
    </ClInclude>
    <ClInclude Include="CObject.h">
      <Filter>Engine\04. Object</Filter>
    </ClInclude>
    <ClInclude Include="pch.h" />
    <ClInclude Include="CScene.h">
      <Filter>Engine\05. Scene</Filter>
    </ClInclude>
    <ClInclude Include="CSceneMgr.h">
      <Filter>Engine\03. Manager\SceneMgr</Filter>
    </ClInclude>
    <ClInclude Include="CScene_Start.h">
      <Filter>Engine\05. Scene\Scene_Start</Filter>
    </ClInclude>
    <ClInclude Include="CPlayer.h">
      <Filter>Engine\04. Object\Player</Filter>
    </ClInclude>
    <ClInclude Include="CEnemy.h">
      <Filter>Engine\04. Object\Enemy</Filter>
    </ClInclude>
    <ClInclude Include="CCollisionMgr.h">
      <Filter>Engine\03. Manager\CollisionMgr</Filter>
    </ClInclude>
    <ClInclude Include="CResource.h">
      <Filter>Engine\06. Resource</Filter>
    </ClInclude>
    <ClInclude Include="CPathMgr.h">
      <Filter>Engine\03. Manager\PathMgr</Filter>
    </ClInclude>
    <ClInclude Include="CBullet.h">
      <Filter>Engine\04. Object\Bullet</Filter>
    </ClInclude>
    <ClInclude Include="CTexture.h">
      <Filter>Engine\06. Resource\Texture</Filter>
    </ClInclude>
    <ClInclude Include="CResourceMgr.h">
      <Filter>Engine\03. Manager\ResourceMgr</Filter>
    </ClInclude>
    <ClInclude Include="CCollider.h">
      <Filter>Engine\07. Component</Filter>
    </ClInclude>
    <ClInclude Include="SelectGDI.h">
      <Filter>Engine\08. Module</Filter>
    </ClInclude>
    <ClInclude Include="CEventMgr.h">
      <Filter>Engine\03. Manager\EventMgr</Filter>
    </ClInclude>
    <ClInclude Include="func.h">
      <Filter>Engine\01. Header</Filter>
    </ClInclude>
    <ClInclude Include="CScene_Tool.h">
      <Filter>Engine\05. Scene\Scene_Tool</Filter>
    </ClInclude>
  </ItemGroup>
  <ItemGroup>
    <ClCompile Include="CCore.cpp">
      <Filter>Engine\02. Core</Filter>
    </ClCompile>
    <ClCompile Include="CKeyMgr.cpp">
      <Filter>Engine\03. Manager\KeyMgr</Filter>
    </ClCompile>
    <ClCompile Include="Win32API_Introduction.cpp" />
    <ClCompile Include="CTimeMgr.cpp">
      <Filter>Engine\03. Manager\TimeMgr</Filter>
    </ClCompile>
    <ClCompile Include="CObject.cpp">
      <Filter>Engine\04. Object</Filter>
    </ClCompile>
    <ClCompile Include="CScene.cpp">
      <Filter>Engine\05. Scene</Filter>
    </ClCompile>
    <ClCompile Include="CSceneMgr.cpp">
      <Filter>Engine\03. Manager\SceneMgr</Filter>
    </ClCompile>
    <ClCompile Include="CScene_Start.cpp">
      <Filter>Engine\05. Scene\Scene_Start</Filter>
    </ClCompile>
    <ClCompile Include="CPlayer.cpp">
      <Filter>Engine\04. Object\Player</Filter>
    </ClCompile>
    <ClCompile Include="CEnemy.cpp">
      <Filter>Engine\04. Object\Enemy</Filter>
    </ClCompile>
    <ClCompile Include="CCollisionMgr.cpp">
      <Filter>Engine\03. Manager\CollisionMgr</Filter>
    </ClCompile>
    <ClCompile Include="CResource.cpp">
      <Filter>Engine\06. Resource</Filter>
    </ClCompile>
    <ClCompile Include="CPathMgr.cpp">
      <Filter>Engine\03. Manager\PathMgr</Filter>
    </ClCompile>
    <ClCompile Include="CBullet.cpp">
      <Filter>Engine\04. Object\Bullet</Filter>
    </ClCompile>
    <ClCompile Include="CTexture.cpp">
      <Filter>Engine\06. Resource\Texture</Filter>
    </ClCompile>
    <ClCompile Include="CResourceMgr.cpp">
      <Filter>Engine\03. Manager\ResourceMgr</Filter>
    </ClCompile>
    <ClCompile Include="CCollider.cpp">
      <Filter>Engine\07. Component</Filter>
    </ClCompile>
    <ClCompile Include="SelectGDI.cpp">
      <Filter>Engine\08. Module</Filter>
    </ClCompile>
    <ClCompile Include="CEventMgr.cpp">
      <Filter>Engine\03. Manager\EventMgr</Filter>
    </ClCompile>
    <ClCompile Include="func.cpp">
      <Filter>Engine\01. Header</Filter>
    </ClCompile>
    <ClCompile Include="CScene_Tool.cpp">
      <Filter>Engine\05. Scene\Scene_Tool</Filter>
    </ClCompile>
  </ItemGroup>
  <ItemGroup>
    <ResourceCompile Include="Win32API_Introduction.rc">
      <Filter>Default\Resource Files</Filter>
    </ResourceCompile>
  </ItemGroup>
  <ItemGroup>
    <Image Include="small.ico">
      <Filter>Default\Resource Files</Filter>
    </Image>
    <Image Include="Win32API_Introduction.ico">
      <Filter>Default\Resource Files</Filter>
    </Image>
  </ItemGroup>
</Project>